Microsoft Visual Studio Solution File, Format Version 12.00
# Visual Studio Version 17
VisualStudioVersion = 17.5.2.0
MinimumVisualStudioVersion = 10.0.40219.1
Project("{FAE04EC0-301F-11D3-BF4B-00C04F79EFBC}") = "Invoqs", "Invoqs.csproj", "{FB787189-99C4-C2DF-C23C-DF696CAB1873}"
EndProject
Global
	GlobalSection(SolutionConfigurationPlatforms) = preSolution
		Debug|Any CPU = Debug|Any CPU
		Release|Any CPU = Release|Any CPU
	EndGlobalSection
	GlobalSection(ProjectConfigurationPlatforms) = postSolution
		{FB787189-99C4-C2DF-C23C-DF696CAB1873}.Debug|Any CPU.ActiveCfg = Debug|Any CPU
		{FB787189-99C4-C2DF-C23C-DF696CAB1873}.Debug|Any CPU.Build.0 = Debug|Any CPU
		{FB787189-99C4-C2DF-C23C-DF696CAB1873}.Release|Any CPU.ActiveCfg = Release|Any CPU
		{FB787189-99C4-C2DF-C23C-DF696CAB1873}.Release|Any CPU.Build.0 = Release|Any CPU
	EndGlobalSection
	GlobalSection(SolutionProperties) = preSolution
		HideSolutionNode = FALSE
	EndGlobalSection
	GlobalSection(ExtensibilityGlobals) = postSolution
		SolutionGuid = {4A12A0A8-D09C-4155-B517-E43761389100}
	EndGlobalSection
EndGlobal
